
Microsoft Visual Studio Solution File, Format Version 12.00
# Visual Studio Version 17
VisualStudioVersion = 17.0.31903.59
MinimumVisualStudioVersion = 10.0.40219.1
Project("{FAE04EC0-301F-11D3-BF4B-00C04F79EFBC}") = "CRMManagement.Domain", "CRMManagement.Domain\CRMManagement.Domain.csproj", "{C4FCE1F8-7DA9-4DEB-A0E0-4072B6325CF4}"
EndProject
Project("{FAE04EC0-301F-11D3-BF4B-00C04F79EFBC}") = "CRMManagement.Application", "CRMManagement.Application\CRMManagement.Application.csproj", "{0185B071-5CF8-4825-B81E-09D59390F52E}"
EndProject
Project("{FAE04EC0-301F-11D3-BF4B-00C04F79EFBC}") = "CRMManagement.Infrastructure", "CRMManagement.Infrastructure\CRMManagement.Infrastructure.csproj", "{29B58506-313C-4F32-B5F3-61F7B5D55C05}"
EndProject
Project("{FAE04EC0-301F-11D3-BF4B-00C04F79EFBC}") = "CRMManagement.Web", "CRMManagement.Web\CRMManagement.Web.csproj", "{02123031-F702-4DF4-A565-138714EBFC7B}"
EndProject
Project("{FAE04EC0-301F-11D3-BF4B-00C04F79EFBC}") = "CRMManagement.Launcher", "CRMManagement.Launcher\CRMManagement.Launcher.csproj", "{4FD1D726-48E7-4C72-9E54-FBAFB6ED9008}"
EndProject
Global
	GlobalSection(SolutionConfigurationPlatforms) = preSolution
		Debug|Any CPU = Debug|Any CPU
		Debug|x64 = Debug|x64
		Debug|x86 = Debug|x86
		Release|Any CPU = Release|Any CPU
		Release|x64 = Release|x64
		Release|x86 = Release|x86
	EndGlobalSection
	GlobalSection(ProjectConfigurationPlatforms) = postSolution
		{C4FCE1F8-7DA9-4DEB-A0E0-4072B6325CF4}.Debug|Any CPU.ActiveCfg = Debug|Any CPU
		{C4FCE1F8-7DA9-4DEB-A0E0-4072B6325CF4}.Debug|Any CPU.Build.0 = Debug|Any CPU
		{C4FCE1F8-7DA9-4DEB-A0E0-4072B6325CF4}.Debug|x64.ActiveCfg = Debug|Any CPU
		{C4FCE1F8-7DA9-4DEB-A0E0-4072B6325CF4}.Debug|x64.Build.0 = Debug|Any CPU
		{C4FCE1F8-7DA9-4DEB-A0E0-4072B6325CF4}.Debug|x86.ActiveCfg = Debug|Any CPU
		{C4FCE1F8-7DA9-4DEB-A0E0-4072B6325CF4}.Debug|x86.Build.0 = Debug|Any CPU
		{C4FCE1F8-7DA9-4DEB-A0E0-4072B6325CF4}.Release|Any CPU.ActiveCfg = Release|Any CPU
		{C4FCE1F8-7DA9-4DEB-A0E0-4072B6325CF4}.Release|Any CPU.Build.0 = Release|Any CPU
		{C4FCE1F8-7DA9-4DEB-A0E0-4072B6325CF4}.Release|x64.ActiveCfg = Release|Any CPU
		{C4FCE1F8-7DA9-4DEB-A0E0-4072B6325CF4}.Release|x64.Build.0 = Release|Any CPU
		{C4FCE1F8-7DA9-4DEB-A0E0-4072B6325CF4}.Release|x86.ActiveCfg = Release|Any CPU
		{C4FCE1F8-7DA9-4DEB-A0E0-4072B6325CF4}.Release|x86.Build.0 = Release|Any CPU
		{0185B071-5CF8-4825-B81E-09D59390F52E}.Debug|Any CPU.ActiveCfg = Debug|Any CPU
		{0185B071-5CF8-4825-B81E-09D59390F52E}.Debug|Any CPU.Build.0 = Debug|Any CPU
		{0185B071-5CF8-4825-B81E-09D59390F52E}.Debug|x64.ActiveCfg = Debug|Any CPU
		{0185B071-5CF8-4825-B81E-09D59390F52E}.Debug|x64.Build.0 = Debug|Any CPU
		{0185B071-5CF8-4825-B81E-09D59390F52E}.Debug|x86.ActiveCfg = Debug|Any CPU
		{0185B071-5CF8-4825-B81E-09D59390F52E}.Debug|x86.Build.0 = Debug|Any CPU
		{0185B071-5CF8-4825-B81E-09D59390F52E}.Release|Any CPU.ActiveCfg = Release|Any CPU
		{0185B071-5CF8-4825-B81E-09D59390F52E}.Release|Any CPU.Build.0 = Release|Any CPU
		{0185B071-5CF8-4825-B81E-09D59390F52E}.Release|x64.ActiveCfg = Release|Any CPU
		{0185B071-5CF8-4825-B81E-09D59390F52E}.Release|x64.Build.0 = Release|Any CPU
		{0185B071-5CF8-4825-B81E-09D59390F52E}.Release|x86.ActiveCfg = Release|Any CPU
		{0185B071-5CF8-4825-B81E-09D59390F52E}.Release|x86.Build.0 = Release|Any CPU
		{29B58506-313C-4F32-B5F3-61F7B5D55C05}.Debug|Any CPU.ActiveCfg = Debug|Any CPU
		{29B58506-313C-4F32-B5F3-61F7B5D55C05}.Debug|Any CPU.Build.0 = Debug|Any CPU
		{29B58506-313C-4F32-B5F3-61F7B5D55C05}.Debug|x64.ActiveCfg = Debug|Any CPU
		{29B58506-313C-4F32-B5F3-61F7B5D55C05}.Debug|x64.Build.0 = Debug|Any CPU
		{29B58506-313C-4F32-B5F3-61F7B5D55C05}.Debug|x86.ActiveCfg = Debug|Any CPU
		{29B58506-313C-4F32-B5F3-61F7B5D55C05}.Debug|x86.Build.0 = Debug|Any CPU
		{29B58506-313C-4F32-B5F3-61F7B5D55C05}.Release|Any CPU.ActiveCfg = Release|Any CPU
		{29B58506-313C-4F32-B5F3-61F7B5D55C05}.Release|Any CPU.Build.0 = Release|Any CPU
		{29B58506-313C-4F32-B5F3-61F7B5D55C05}.Release|x64.ActiveCfg = Release|Any CPU
		{29B58506-313C-4F32-B5F3-61F7B5D55C05}.Release|x64.Build.0 = Release|Any CPU
		{29B58506-313C-4F32-B5F3-61F7B5D55C05}.Release|x86.ActiveCfg = Release|Any CPU
		{29B58506-313C-4F32-B5F3-61F7B5D55C05}.Release|x86.Build.0 = Release|Any CPU
		{02123031-F702-4DF4-A565-138714EBFC7B}.Debug|Any CPU.ActiveCfg = Debug|Any CPU
		{02123031-F702-4DF4-A565-138714EBFC7B}.Debug|Any CPU.Build.0 = Debug|Any CPU
		{02123031-F702-4DF4-A565-138714EBFC7B}.Debug|x64.ActiveCfg = Debug|Any CPU
		{02123031-F702-4DF4-A565-138714EBFC7B}.Debug|x64.Build.0 = Debug|Any CPU
		{02123031-F702-4DF4-A565-138714EBFC7B}.Debug|x86.ActiveCfg = Debug|Any CPU
		{02123031-F702-4DF4-A565-138714EBFC7B}.Debug|x86.Build.0 = Debug|Any CPU
		{02123031-F702-4DF4-A565-138714EBFC7B}.Release|Any CPU.ActiveCfg = Release|Any CPU
		{02123031-F702-4DF4-A565-138714EBFC7B}.Release|Any CPU.Build.0 = Release|Any CPU
		{02123031-F702-4DF4-A565-138714EBFC7B}.Release|x64.ActiveCfg = Release|Any CPU
		{02123031-F702-4DF4-A565-138714EBFC7B}.Release|x64.Build.0 = Release|Any CPU
		{02123031-F702-4DF4-A565-138714EBFC7B}.Release|x86.ActiveCfg = Release|Any CPU
		{02123031-F702-4DF4-A565-138714EBFC7B}.Release|x86.Build.0 = Release|Any CPU
		{4FD1D726-48E7-4C72-9E54-FBAFB6ED9008}.Debug|Any CPU.ActiveCfg = Debug|Any CPU
		{4FD1D726-48E7-4C72-9E54-FBAFB6ED9008}.Debug|Any CPU.Build.0 = Debug|Any CPU
		{4FD1D726-48E7-4C72-9E54-FBAFB6ED9008}.Debug|x64.ActiveCfg = Debug|Any CPU
		{4FD1D726-48E7-4C72-9E54-FBAFB6ED9008}.Debug|x64.Build.0 = Debug|Any CPU
		{4FD1D726-48E7-4C72-9E54-FBAFB6ED9008}.Debug|x86.ActiveCfg = Debug|Any CPU
		{4FD1D726-48E7-4C72-9E54-FBAFB6ED9008}.Debug|x86.Build.0 = Debug|Any CPU
		{4FD1D726-48E7-4C72-9E54-FBAFB6ED9008}.Release|Any CPU.ActiveCfg = Release|Any CPU
		{4FD1D726-48E7-4C72-9E54-FBAFB6ED9008}.Release|Any CPU.Build.0 = Release|Any CPU
		{4FD1D726-48E7-4C72-9E54-FBAFB6ED9008}.Release|x64.ActiveCfg = Release|Any CPU
		{4FD1D726-48E7-4C72-9E54-FBAFB6ED9008}.Release|x64.Build.0 = Release|Any CPU
		{4FD1D726-48E7-4C72-9E54-FBAFB6ED9008}.Release|x86.ActiveCfg = Release|Any CPU
		{4FD1D726-48E7-4C72-9E54-FBAFB6ED9008}.Release|x86.Build.0 = Release|Any CPU
	EndGlobalSection
	GlobalSection(SolutionProperties) = preSolution
		HideSolutionNode = FALSE
	EndGlobalSection
EndGlobal
